
Microsoft Visual Studio Solution File, Format Version 12.00
# Visual Studio Version 17
VisualStudioVersion = 17.3.32929.385
MinimumVisualStudioVersion = 10.0.40219.1
Project("{FAE04EC0-301F-11D3-BF4B-00C04F79EFBC}") = "casadei.federico.4h.Threads", "casadei.federico.4h.Threads\casadei.federico.4h.Threads.csproj", "{78982BDB-192A-43F2-A015-B63E8FEEB595}"
EndProject
Global
	GlobalSection(SolutionConfigurationPlatforms) = preSolution
		Debug|Any CPU = Debug|Any CPU
		Release|Any CPU = Release|Any CPU
	EndGlobalSection
	GlobalSection(ProjectConfigurationPlatforms) = postSolution
		{78982BDB-192A-43F2-A015-B63E8FEEB595}.Debug|Any CPU.ActiveCfg = Debug|Any CPU
		{78982BDB-192A-43F2-A015-B63E8FEEB595}.Debug|Any CPU.Build.0 = Debug|Any CPU
		{78982BDB-192A-43F2-A015-B63E8FEEB595}.Release|Any CPU.ActiveCfg = Release|Any CPU
		{78982BDB-192A-43F2-A015-B63E8FEEB595}.Release|Any CPU.Build.0 = Release|Any CPU
	EndGlobalSection
	GlobalSection(SolutionProperties) = preSolution
		HideSolutionNode = FALSE
	EndGlobalSection
	GlobalSection(ExtensibilityGlobals) = postSolution
		SolutionGuid = {4F656D00-F12F-4D07-A822-561218B35E99}
	EndGlobalSection
EndGlobal
